
Microsoft Visual Studio Solution File, Format Version 12.00
# Visual Studio 15
VisualStudioVersion = 15.0.28010.2016
MinimumVisualStudioVersion = 10.0.40219.1
Project("{FAE04EC0-301F-11D3-BF4B-00C04F79EFBC}") = "TicketLibrary", "TicketLibrary\TicketLibrary.csproj", "{24606EE2-9FE2-4ADE-9F52-80C3AD88C979}"
EndProject
Project("{FAE04EC0-301F-11D3-BF4B-00C04F79EFBC}") = "UnitTest", "UnitTest\UnitTest.csproj", "{13146F9F-DC97-41F5-A330-6404C02F0B2B}"
EndProject
Global
	GlobalSection(SolutionConfigurationPlatforms) = preSolution
		Debug|Any CPU = Debug|Any CPU
		Release|Any CPU = Release|Any CPU
	EndGlobalSection
	GlobalSection(ProjectConfigurationPlatforms) = postSolution
		{24606EE2-9FE2-4ADE-9F52-80C3AD88C979}.Debug|Any CPU.ActiveCfg = Debug|Any CPU
		{24606EE2-9FE2-4ADE-9F52-80C3AD88C979}.Debug|Any CPU.Build.0 = Debug|Any CPU
		{24606EE2-9FE2-4ADE-9F52-80C3AD88C979}.Release|Any CPU.ActiveCfg = Release|Any CPU
		{24606EE2-9FE2-4ADE-9F52-80C3AD88C979}.Release|Any CPU.Build.0 = Release|Any CPU
		{13146F9F-DC97-41F5-A330-6404C02F0B2B}.Debug|Any CPU.ActiveCfg = Debug|Any CPU
		{13146F9F-DC97-41F5-A330-6404C02F0B2B}.Debug|Any CPU.Build.0 = Debug|Any CPU
		{13146F9F-DC97-41F5-A330-6404C02F0B2B}.Release|Any CPU.ActiveCfg = Release|Any CPU
		{13146F9F-DC97-41F5-A330-6404C02F0B2B}.Release|Any CPU.Build.0 = Release|Any CPU
	EndGlobalSection
	GlobalSection(SolutionProperties) = preSolution
		HideSolutionNode = FALSE
	EndGlobalSection
	GlobalSection(ExtensibilityGlobals) = postSolution
		SolutionGuid = {2A60ADB3-914D-49C8-B192-CB1EFAC5447D}
	EndGlobalSection
EndGlobal
